
Microsoft Visual Studio Solution File, Format Version 12.00
# Visual Studio 15
VisualStudioVersion = 15.0.27130.2024
MinimumVisualStudioVersion = 10.0.40219.1
Project("{FAE04EC0-301F-11D3-BF4B-00C04F79EFBC}") = "CryptLibrary", "CryptLibrary\CryptLibrary.csproj", "{169BA78F-BE9C-4F40-8F8A-14F48F00E553}"
EndProject
Project("{FAE04EC0-301F-11D3-BF4B-00C04F79EFBC}") = "CryptLogin", "CryptLogin\CryptLogin.csproj", "{B2159753-7164-4B0C-9D67-AA161BEBE46D}"
EndProject
Global
	GlobalSection(SolutionConfigurationPlatforms) = preSolution
		Debug|Any CPU = Debug|Any CPU
		Release|Any CPU = Release|Any CPU
	EndGlobalSection
	GlobalSection(ProjectConfigurationPlatforms) = postSolution
		{169BA78F-BE9C-4F40-8F8A-14F48F00E553}.Debug|Any CPU.ActiveCfg = Debug|Any CPU
		{169BA78F-BE9C-4F40-8F8A-14F48F00E553}.Debug|Any CPU.Build.0 = Debug|Any CPU
		{169BA78F-BE9C-4F40-8F8A-14F48F00E553}.Release|Any CPU.ActiveCfg = Release|Any CPU
		{169BA78F-BE9C-4F40-8F8A-14F48F00E553}.Release|Any CPU.Build.0 = Release|Any CPU
		{B2159753-7164-4B0C-9D67-AA161BEBE46D}.Debug|Any CPU.ActiveCfg = Debug|Any CPU
		{B2159753-7164-4B0C-9D67-AA161BEBE46D}.Debug|Any CPU.Build.0 = Debug|Any CPU
		{B2159753-7164-4B0C-9D67-AA161BEBE46D}.Release|Any CPU.ActiveCfg = Release|Any CPU
		{B2159753-7164-4B0C-9D67-AA161BEBE46D}.Release|Any CPU.Build.0 = Release|Any CPU
	EndGlobalSection
	GlobalSection(SolutionProperties) = preSolution
		HideSolutionNode = FALSE
	EndGlobalSection
	GlobalSection(ExtensibilityGlobals) = postSolution
		SolutionGuid = {2DA40B85-1D63-47FB-B2E0-4CEE036FC28F}
	EndGlobalSection
EndGlobal
